Microsoft Visual Studio Solution File, Format Version 12.00
# Visual Studio 15
VisualStudioVersion = 15.0.27004.2005
MinimumVisualStudioVersion = 15.0.26124.0
Project("{2150E333-8FDC-42A3-9474-1A3956D46DE8}") = "Presentation", "Presentation", "{4DEF94C4-193F-45F1-B198-8C3D3B205327}"
EndProject
Project("{9A19103F-16F7-4668-BE54-9A1E7A4F7556}") = "Site", "Presentation\Site\Site.csproj", "{6F8191E9-06FF-4599-8F99-82DC13F69A53}"
EndProject
Project("{2150E333-8FDC-42A3-9474-1A3956D46DE8}") = "Infrastructure", "Infrastructure", "{3E5B97C4-DBAA-48C0-B05C-C71B3C50F3C9}"
EndProject
Project("{9A19103F-16F7-4668-BE54-9A1E7A4F7556}") = "Repository", "Infrastructure\Repository\Repository.csproj", "{45F1B117-2B20-4946-AA9B-0921207FACAA}"
EndProject
Project("{2150E333-8FDC-42A3-9474-1A3956D46DE8}") = "Domain", "Domain", "{DA73E0A9-D8CB-468F-AD1D-E758F0B819A5}"
EndProject
Project("{9A19103F-16F7-4668-BE54-9A1E7A4F7556}") = "Services", "Domain\Services\Services.csproj", "{0BAB0C83-1531-4248-B62D-73177FC2557F}"
EndProject
Project("{9A19103F-16F7-4668-BE54-9A1E7A4F7556}") = "DependencyInjection", "DependencyInjection\DependencyInjection.csproj", "{7CBF21FA-EDBF-4C8F-9820-B27FF2EACA31}"
EndProject
Project("{9A19103F-16F7-4668-BE54-9A1E7A4F7556}") = "Helpers", "Infrastructure\Helpers\Helpers.csproj", "{30917DF8-069E-4124-9375-4D5E8DA8638D}"
EndProject
Project("{9A19103F-16F7-4668-BE54-9A1E7A4F7556}") = "core", "Core\core.csproj", "{28046CED-22B9-4F20-A58E-25C701E351AB}"
EndProject
Project("{9A19103F-16F7-4668-BE54-9A1E7A4F7556}") = "Services.Test", "Domain\Services.Test\Services.Test.csproj", "{3EE09F43-ED28-4024-97C2-AEC41A1ADD80}"
EndProject
Global
	GlobalSection(SolutionConfigurationPlatforms) = preSolution
		Debug|Any CPU = Debug|Any CPU
		Debug|x64 = Debug|x64
		Debug|x86 = Debug|x86
		Release|Any CPU = Release|Any CPU
		Release|x64 = Release|x64
		Release|x86 = Release|x86
	EndGlobalSection
	GlobalSection(ProjectConfigurationPlatforms) = postSolution
		{6F8191E9-06FF-4599-8F99-82DC13F69A53}.Debug|Any CPU.ActiveCfg = Debug|Any CPU
		{6F8191E9-06FF-4599-8F99-82DC13F69A53}.Debug|Any CPU.Build.0 = Debug|Any CPU
		{6F8191E9-06FF-4599-8F99-82DC13F69A53}.Debug|x64.ActiveCfg = Debug|Any CPU
		{6F8191E9-06FF-4599-8F99-82DC13F69A53}.Debug|x64.Build.0 = Debug|Any CPU
		{6F8191E9-06FF-4599-8F99-82DC13F69A53}.Debug|x86.ActiveCfg = Debug|Any CPU
		{6F8191E9-06FF-4599-8F99-82DC13F69A53}.Debug|x86.Build.0 = Debug|Any CPU
		{6F8191E9-06FF-4599-8F99-82DC13F69A53}.Release|Any CPU.ActiveCfg = Release|Any CPU
		{6F8191E9-06FF-4599-8F99-82DC13F69A53}.Release|Any CPU.Build.0 = Release|Any CPU
		{6F8191E9-06FF-4599-8F99-82DC13F69A53}.Release|x64.ActiveCfg = Release|Any CPU
		{6F8191E9-06FF-4599-8F99-82DC13F69A53}.Release|x64.Build.0 = Release|Any CPU
		{6F8191E9-06FF-4599-8F99-82DC13F69A53}.Release|x86.ActiveCfg = Release|Any CPU
		{6F8191E9-06FF-4599-8F99-82DC13F69A53}.Release|x86.Build.0 = Release|Any CPU
		{45F1B117-2B20-4946-AA9B-0921207FACAA}.Debug|Any CPU.ActiveCfg = Debug|Any CPU
		{45F1B117-2B20-4946-AA9B-0921207FACAA}.Debug|Any CPU.Build.0 = Debug|Any CPU
		{45F1B117-2B20-4946-AA9B-0921207FACAA}.Debug|x64.ActiveCfg = Debug|Any CPU
		{45F1B117-2B20-4946-AA9B-0921207FACAA}.Debug|x64.Build.0 = Debug|Any CPU
		{45F1B117-2B20-4946-AA9B-0921207FACAA}.Debug|x86.ActiveCfg = Debug|Any CPU
		{45F1B117-2B20-4946-AA9B-0921207FACAA}.Debug|x86.Build.0 = Debug|Any CPU
		{45F1B117-2B20-4946-AA9B-0921207FACAA}.Release|Any CPU.ActiveCfg = Release|Any CPU
		{45F1B117-2B20-4946-AA9B-0921207FACAA}.Release|Any CPU.Build.0 = Release|Any CPU
		{45F1B117-2B20-4946-AA9B-0921207FACAA}.Release|x64.ActiveCfg = Release|Any CPU
		{45F1B117-2B20-4946-AA9B-0921207FACAA}.Release|x64.Build.0 = Release|Any CPU
		{45F1B117-2B20-4946-AA9B-0921207FACAA}.Release|x86.ActiveCfg = Release|Any CPU
		{45F1B117-2B20-4946-AA9B-0921207FACAA}.Release|x86.Build.0 = Release|Any CPU
		{0BAB0C83-1531-4248-B62D-73177FC2557F}.Debug|Any CPU.ActiveCfg = Debug|Any CPU
		{0BAB0C83-1531-4248-B62D-73177FC2557F}.Debug|Any CPU.Build.0 = Debug|Any CPU
		{0BAB0C83-1531-4248-B62D-73177FC2557F}.Debug|x64.ActiveCfg = Debug|Any CPU
		{0BAB0C83-1531-4248-B62D-73177FC2557F}.Debug|x64.Build.0 = Debug|Any CPU
		{0BAB0C83-1531-4248-B62D-73177FC2557F}.Debug|x86.ActiveCfg = Debug|Any CPU
		{0BAB0C83-1531-4248-B62D-73177FC2557F}.Debug|x86.Build.0 = Debug|Any CPU
		{0BAB0C83-1531-4248-B62D-73177FC2557F}.Release|Any CPU.ActiveCfg = Release|Any CPU
		{0BAB0C83-1531-4248-B62D-73177FC2557F}.Release|Any CPU.Build.0 = Release|Any CPU
		{0BAB0C83-1531-4248-B62D-73177FC2557F}.Release|x64.ActiveCfg = Release|Any CPU
		{0BAB0C83-1531-4248-B62D-73177FC2557F}.Release|x64.Build.0 = Release|Any CPU
		{0BAB0C83-1531-4248-B62D-73177FC2557F}.Release|x86.ActiveCfg = Release|Any CPU
		{0BAB0C83-1531-4248-B62D-73177FC2557F}.Release|x86.Build.0 = Release|Any CPU
		{7CBF21FA-EDBF-4C8F-9820-B27FF2EACA31}.Debug|Any CPU.ActiveCfg = Debug|Any CPU
		{7CBF21FA-EDBF-4C8F-9820-B27FF2EACA31}.Debug|Any CPU.Build.0 = Debug|Any CPU
		{7CBF21FA-EDBF-4C8F-9820-B27FF2EACA31}.Debug|x64.ActiveCfg = Debug|Any CPU
		{7CBF21FA-EDBF-4C8F-9820-B27FF2EACA31}.Debug|x64.Build.0 = Debug|Any CPU
		{7CBF21FA-EDBF-4C8F-9820-B27FF2EACA31}.Debug|x86.ActiveCfg = Debug|Any CPU
		{7CBF21FA-EDBF-4C8F-9820-B27FF2EACA31}.Debug|x86.Build.0 = Debug|Any CPU
		{7CBF21FA-EDBF-4C8F-9820-B27FF2EACA31}.Release|Any CPU.ActiveCfg = Release|Any CPU
		{7CBF21FA-EDBF-4C8F-9820-B27FF2EACA31}.Release|Any CPU.Build.0 = Release|Any CPU
		{7CBF21FA-EDBF-4C8F-9820-B27FF2EACA31}.Release|x64.ActiveCfg = Release|Any CPU
		{7CBF21FA-EDBF-4C8F-9820-B27FF2EACA31}.Release|x64.Build.0 = Release|Any CPU
		{7CBF21FA-EDBF-4C8F-9820-B27FF2EACA31}.Release|x86.ActiveCfg = Release|Any CPU
		{7CBF21FA-EDBF-4C8F-9820-B27FF2EACA31}.Release|x86.Build.0 = Release|Any CPU
		{30917DF8-069E-4124-9375-4D5E8DA8638D}.Debug|Any CPU.ActiveCfg = Debug|Any CPU
		{30917DF8-069E-4124-9375-4D5E8DA8638D}.Debug|Any CPU.Build.0 = Debug|Any CPU
		{30917DF8-069E-4124-9375-4D5E8DA8638D}.Debug|x64.ActiveCfg = Debug|Any CPU
		{30917DF8-069E-4124-9375-4D5E8DA8638D}.Debug|x64.Build.0 = Debug|Any CPU
		{30917DF8-069E-4124-9375-4D5E8DA8638D}.Debug|x86.ActiveCfg = Debug|Any CPU
		{30917DF8-069E-4124-9375-4D5E8DA8638D}.Debug|x86.Build.0 = Debug|Any CPU
		{30917DF8-069E-4124-9375-4D5E8DA8638D}.Release|Any CPU.ActiveCfg = Release|Any CPU
		{30917DF8-069E-4124-9375-4D5E8DA8638D}.Release|Any CPU.Build.0 = Release|Any CPU
		{30917DF8-069E-4124-9375-4D5E8DA8638D}.Release|x64.ActiveCfg = Release|Any CPU
		{30917DF8-069E-4124-9375-4D5E8DA8638D}.Release|x64.Build.0 = Release|Any CPU
		{30917DF8-069E-4124-9375-4D5E8DA8638D}.Release|x86.ActiveCfg = Release|Any CPU
		{30917DF8-069E-4124-9375-4D5E8DA8638D}.Release|x86.Build.0 = Release|Any CPU
		{28046CED-22B9-4F20-A58E-25C701E351AB}.Debug|Any CPU.ActiveCfg = Debug|Any CPU
		{28046CED-22B9-4F20-A58E-25C701E351AB}.Debug|Any CPU.Build.0 = Debug|Any CPU
		{28046CED-22B9-4F20-A58E-25C701E351AB}.Debug|x64.ActiveCfg = Debug|Any CPU
		{28046CED-22B9-4F20-A58E-25C701E351AB}.Debug|x64.Build.0 = Debug|Any CPU
		{28046CED-22B9-4F20-A58E-25C701E351AB}.Debug|x86.ActiveCfg = Debug|Any CPU
		{28046CED-22B9-4F20-A58E-25C701E351AB}.Debug|x86.Build.0 = Debug|Any CPU
		{28046CED-22B9-4F20-A58E-25C701E351AB}.Release|Any CPU.ActiveCfg = Release|Any CPU
		{28046CED-22B9-4F20-A58E-25C701E351AB}.Release|Any CPU.Build.0 = Release|Any CPU
		{28046CED-22B9-4F20-A58E-25C701E351AB}.Release|x64.ActiveCfg = Release|Any CPU
		{28046CED-22B9-4F20-A58E-25C701E351AB}.Release|x64.Build.0 = Release|Any CPU
		{28046CED-22B9-4F20-A58E-25C701E351AB}.Release|x86.ActiveCfg = Release|Any CPU
		{28046CED-22B9-4F20-A58E-25C701E351AB}.Release|x86.Build.0 = Release|Any CPU
		{3EE09F43-ED28-4024-97C2-AEC41A1ADD80}.Debug|Any CPU.ActiveCfg = Debug|Any CPU
		{3EE09F43-ED28-4024-97C2-AEC41A1ADD80}.Debug|Any CPU.Build.0 = Debug|Any CPU
		{3EE09F43-ED28-4024-97C2-AEC41A1ADD80}.Debug|x64.ActiveCfg = Debug|Any CPU
		{3EE09F43-ED28-4024-97C2-AEC41A1ADD80}.Debug|x64.Build.0 = Debug|Any CPU
		{3EE09F43-ED28-4024-97C2-AEC41A1ADD80}.Debug|x86.ActiveCfg = Debug|Any CPU
		{3EE09F43-ED28-4024-97C2-AEC41A1ADD80}.Debug|x86.Build.0 = Debug|Any CPU
		{3EE09F43-ED28-4024-97C2-AEC41A1ADD80}.Release|Any CPU.ActiveCfg = Release|Any CPU
		{3EE09F43-ED28-4024-97C2-AEC41A1ADD80}.Release|Any CPU.Build.0 = Release|Any CPU
		{3EE09F43-ED28-4024-97C2-AEC41A1ADD80}.Release|x64.ActiveCfg = Release|Any CPU
		{3EE09F43-ED28-4024-97C2-AEC41A1ADD80}.Release|x64.Build.0 = Release|Any CPU
		{3EE09F43-ED28-4024-97C2-AEC41A1ADD80}.Release|x86.ActiveCfg = Release|Any CPU
		{3EE09F43-ED28-4024-97C2-AEC41A1ADD80}.Release|x86.Build.0 = Release|Any CPU
	EndGlobalSection
	GlobalSection(SolutionProperties) = preSolution
		HideSolutionNode = FALSE
	EndGlobalSection
	GlobalSection(NestedProjects) = preSolution
		{6F8191E9-06FF-4599-8F99-82DC13F69A53} = {4DEF94C4-193F-45F1-B198-8C3D3B205327}
		{45F1B117-2B20-4946-AA9B-0921207FACAA} = {3E5B97C4-DBAA-48C0-B05C-C71B3C50F3C9}
		{0BAB0C83-1531-4248-B62D-73177FC2557F} = {DA73E0A9-D8CB-468F-AD1D-E758F0B819A5}
		{30917DF8-069E-4124-9375-4D5E8DA8638D} = {3E5B97C4-DBAA-48C0-B05C-C71B3C50F3C9}
		{3EE09F43-ED28-4024-97C2-AEC41A1ADD80} = {DA73E0A9-D8CB-468F-AD1D-E758F0B819A5}
	EndGlobalSection
	GlobalSection(ExtensibilityGlobals) = postSolution
		SolutionGuid = {D66975C6-B047-47BB-AC4A-6AEDFE4EE25E}
	EndGlobalSection
EndGlobal
